// !$*UTF8*$!
{
	archiveVersion = 1;
	classes = {
	};
	objectVersion = 50;
	objects = {

/* Begin PBXBuildFile section */
		7A05CDA12479AE9A006BE80C /* AppDelegate.swift in Sources */ = {isa = PBXBuildFile; fileRef = 7A05CDA02479AE9A006BE80C /* AppDelegate.swift */; };
		7A05CDA32479AE9A006BE80C /* SceneDelegate.swift in Sources */ = {isa = PBXBuildFile; fileRef = 7A05CDA22479AE9A006BE80C /* SceneDelegate.swift */; };
		7A05CDA52479AE9A006BE80C /* ViewController.swift in Sources */ = {isa = PBXBuildFile; fileRef = 7A05CDA42479AE9A006BE80C /* ViewController.swift */; };
		7A05CDA82479AE9A006BE80C /* Main.storyboard in Resources */ = {isa = PBXBuildFile; fileRef = 7A05CDA62479AE9A006BE80C /* Main.storyboard */; };
		7A05CDAA2479AE9C006BE80C /* Assets.xcassets in Resources */ = {isa = PBXBuildFile; fileRef = 7A05CDA92479AE9C006BE80C /* Assets.xcassets */; };
		7A05CDAD2479AE9C006BE80C /* LaunchScreen.storyboard in Resources */ = {isa = PBXBuildFile; fileRef = 7A05CDAB2479AE9C006BE80C /* LaunchScreen.storyboard */; };
		7A05CDB82479AE9C006BE80C /* CovidTests.swift in Sources */ = {isa = PBXBuildFile; fileRef = 7A05CDB72479AE9C006BE80C /* CovidTests.swift */; };
		7A05CDC32479AE9D006BE80C /* CovidUITests.swift in Sources */ = {isa = PBXBuildFile; fileRef = 7A05CDC22479AE9D006BE80C /* CovidUITests.swift */; };
		7A05CDD12479B200006BE80C /* TopBarView.swift in Sources */ = {isa = PBXBuildFile; fileRef = 7A05CDD02479B200006BE80C /* TopBarView.swift */; };
		7A05CDD32479C5EE006BE80C /* TopBarView.xib in Resources */ = {isa = PBXBuildFile; fileRef = 7A05CDD22479C5EE006BE80C /* TopBarView.xib */; };
		7A05CDD92479D388006BE80C /* CountriesTableCell.swift in Sources */ = {isa = PBXBuildFile; fileRef = 7A05CDD82479D388006BE80C /* CountriesTableCell.swift */; };
		7A05CDDB2479D3A0006BE80C /* Country.swift in Sources */ = {isa = PBXBuildFile; fileRef = 7A05CDDA2479D3A0006BE80C /* Country.swift */; };
		7A05CDDD2479D3DF006BE80C /* CountriesViewController.swift in Sources */ = {isa = PBXBuildFile; fileRef = 7A05CDDC2479D3DF006BE80C /* CountriesViewController.swift */; };
		7A40BC042493FB150020978A /* DetailsViewController.swift in Sources */ = {isa = PBXBuildFile; fileRef = 7A40BC032493FB150020978A /* DetailsViewController.swift */; };
		7A98F197247AF37B0063B93F /* FirstScreenTableCellTableViewCell.swift in Sources */ = {isa = PBXBuildFile; fileRef = 7A98F196247AF37B0063B93F /* FirstScreenTableCellTableViewCell.swift */; };
		7AD267672479E3EA0006C555 /* FirstScreenViewController.swift in Sources */ = {isa = PBXBuildFile; fileRef = 7AD267662479E3EA0006C555 /* FirstScreenViewController.swift */; };
		7AF59B8F248D10230076FAE0 /* Covid.xcdatamodeld in Sources */ = {isa = PBXBuildFile; fileRef = 7AF59B8D248D10230076FAE0 /* Covid.xcdatamodeld */; };
		7AF59B93248D331C0076FAE0 /* CountryBase.swift in Sources */ = {isa = PBXBuildFile; fileRef = 7AF59B92248D331C0076FAE0 /* CountryBase.swift */; };
		7AF59B95248D76BF0076FAE0 /* DatabaseHelper.swift in Sources */ = {isa = PBXBuildFile; fileRef = 7AF59B94248D76BF0076FAE0 /* DatabaseHelper.swift */; };
/* End PBXBuildFile section */

/* Begin PBXContainerItemProxy section */
		7A05CDB42479AE9C006BE80C /* PBXContainerItemProxy */ = {
			isa = PBXContainerItemProxy;
			containerPortal = 7A05CD952479AE9A006BE80C /* Project object */;
			proxyType = 1;
			remoteGlobalIDString = 7A05CD9C2479AE9A006BE80C;
			remoteInfo = Covid;
		};
		7A05CDBF2479AE9D006BE80C /* PBXContainerItemProxy */ = {
			isa = PBXContainerItemProxy;
			containerPortal = 7A05CD952479AE9A006BE80C /* Project object */;
			proxyType = 1;
			remoteGlobalIDString = 7A05CD9C2479AE9A006BE80C;
			remoteInfo = Covid;
		};
/* End PBXContainerItemProxy section */

/* Begin PBXFileReference section */
		7A05CD9D2479AE9A006BE80C /* Covid.app */ = {isa = PBXFileReference; explicitFileType = wrapper.application; includeInIndex = 0; path = Covid.app; sourceTree = BUILT_PRODUCTS_DIR; };
		7A05CDA02479AE9A006BE80C /* AppDelegate.swift */ = {isa = PBXFileReference; lastKnownFileType = sourcecode.swift; path = AppDelegate.swift; sourceTree = "<group>"; };
		7A05CDA22479AE9A006BE80C /* SceneDelegate.swift */ = {isa = PBXFileReference; lastKnownFileType = sourcecode.swift; path = SceneDelegate.swift; sourceTree = "<group>"; };
		7A05CDA42479AE9A006BE80C /* ViewController.swift */ = {isa = PBXFileReference; lastKnownFileType = sourcecode.swift; path = ViewController.swift; sourceTree = "<group>"; };
		7A05CDA72479AE9A006BE80C /* Base */ = {isa = PBXFileReference; lastKnownFileType = file.storyboard; name = Base; path = Base.lproj/Main.storyboard; sourceTree = "<group>"; };
		7A05CDA92479AE9C006BE80C /* Assets.xcassets */ = {isa = PBXFileReference; lastKnownFileType = folder.assetcatalog; path = Assets.xcassets; sourceTree = "<group>"; };
		7A05CDAC2479AE9C006BE80C /* Base */ = {isa = PBXFileReference; lastKnownFileType = file.storyboard; name = Base; path = Base.lproj/LaunchScreen.storyboard; sourceTree = "<group>"; };
		7A05CDAE2479AE9C006BE80C /* Info.plist */ = {isa = PBXFileReference; lastKnownFileType = text.plist.xml; path = Info.plist; sourceTree = "<group>"; };
		7A05CDB32479AE9C006BE80C /* CovidTests.xctest */ = {isa = PBXFileReference; explicitFileType = wrapper.cfbundle; includeInIndex = 0; path = CovidTests.xctest; sourceTree = BUILT_PRODUCTS_DIR; };
		7A05CDB72479AE9C006BE80C /* CovidTests.swift */ = {isa = PBXFileReference; lastKnownFileType = sourcecode.swift; path = CovidTests.swift; sourceTree = "<group>"; };
		7A05CDB92479AE9C006BE80C /* Info.plist */ = {isa = PBXFileReference; lastKnownFileType = text.plist.xml; path = Info.plist; sourceTree = "<group>"; };
		7A05CDBE2479AE9D006BE80C /* CovidUITests.xctest */ = {isa = PBXFileReference; explicitFileType = wrapper.cfbundle; includeInIndex = 0; path = CovidUITests.xctest; sourceTree = BUILT_PRODUCTS_DIR; };
		7A05CDC22479AE9D006BE80C /* CovidUITests.swift */ = {isa = PBXFileReference; lastKnownFileType = sourcecode.swift; path = CovidUITests.swift; sourceTree = "<group>"; };
		7A05CDC42479AE9D006BE80C /* Info.plist */ = {isa = PBXFileReference; lastKnownFileType = text.plist.xml; path = Info.plist; sourceTree = "<group>"; };
		7A05CDD02479B200006BE80C /* TopBarView.swift */ = {isa = PBXFileReference; lastKnownFileType = sourcecode.swift; path = TopBarView.swift; sourceTree = "<group>"; };
		7A05CDD22479C5EE006BE80C /* TopBarView.xib */ = {isa = PBXFileReference; lastKnownFileType = file.xib; path = TopBarView.xib; sourceTree = "<group>"; };
		7A05CDD82479D388006BE80C /* CountriesTableCell.swift */ = {isa = PBXFileReference; lastKnownFileType = sourcecode.swift; path = CountriesTableCell.swift; sourceTree = "<group>"; };
		7A05CDDA2479D3A0006BE80C /* Country.swift */ = {isa = PBXFileReference; lastKnownFileType = sourcecode.swift; path = Country.swift; sourceTree = "<group>"; };
		7A05CDDC2479D3DF006BE80C /* CountriesViewController.swift */ = {isa = PBXFileReference; lastKnownFileType = sourcecode.swift; path = CountriesViewController.swift; sourceTree = "<group>"; };
		7A40BC032493FB150020978A /* DetailsViewController.swift */ = {isa = PBXFileReference; lastKnownFileType = sourcecode.swift; path = DetailsViewController.swift; sourceTree = "<group>"; };
		7A98F196247AF37B0063B93F /* FirstScreenTableCellTableViewCell.swift */ = {isa = PBXFileReference; lastKnownFileType = sourcecode.swift; path = FirstScreenTableCellTableViewCell.swift; sourceTree = "<group>"; };
		7AD267662479E3EA0006C555 /* FirstScreenViewController.swift */ = {isa = PBXFileReference; lastKnownFileType = sourcecode.swift; path = FirstScreenViewController.swift; sourceTree = "<group>"; };
		7AF59B8E248D10230076FAE0 /* Covid.xcdatamodel */ = {isa = PBXFileReference; lastKnownFileType = wrapper.xcdatamodel; path = Covid.xcdatamodel; sourceTree = "<group>"; };
		7AF59B92248D331C0076FAE0 /* CountryBase.swift */ = {isa = PBXFileReference; lastKnownFileType = sourcecode.swift; path = CountryBase.swift; sourceTree = "<group>"; };
		7AF59B94248D76BF0076FAE0 /* DatabaseHelper.swift */ = {isa = PBXFileReference; lastKnownFileType = sourcecode.swift; path = DatabaseHelper.swift; sourceTree = "<group>"; };
/* End PBXFileReference section */

/* Begin PBXFrameworksBuildPhase section */
		7A05CD9A2479AE9A006BE80C /* Frameworks */ = {
			isa = PBXFrameworksBuildPhase;
			buildActionMask = 2147483647;
			files = (
			);
			runOnlyForDeploymentPostprocessing = 0;
		};
		7A05CDB02479AE9C006BE80C /* Frameworks */ = {
			isa = PBXFrameworksBuildPhase;
			buildActionMask = 2147483647;
			files = (
			);
			runOnlyForDeploymentPostprocessing = 0;
		};
		7A05CDBB2479AE9D006BE80C /* Frameworks */ = {
			isa = PBXFrameworksBuildPhase;
			buildActionMask = 2147483647;
			files = (
			);
			runOnlyForDeploymentPostprocessing = 0;
		};
/* End PBXFrameworksBuildPhase section */

/* Begin PBXGroup section */
		7A05CD942479AE9A006BE80C = {
			isa = PBXGroup;
			children = (
				7A05CD9F2479AE9A006BE80C /* Covid */,
				7A05CDB62479AE9C006BE80C /* CovidTests */,
				7A05CDC12479AE9D006BE80C /* CovidUITests */,
				7A05CD9E2479AE9A006BE80C /* Products */,
			);
			sourceTree = "<group>";
		};
		7A05CD9E2479AE9A006BE80C /* Products */ = {
			isa = PBXGroup;
			children = (
				7A05CD9D2479AE9A006BE80C /* Covid.app */,
				7A05CDB32479AE9C006BE80C /* CovidTests.xctest */,
				7A05CDBE2479AE9D006BE80C /* CovidUITests.xctest */,
			);
			name = Products;
			sourceTree = "<group>";
		};
		7A05CD9F2479AE9A006BE80C /* Covid */ = {
			isa = PBXGroup;
			children = (
				7A40BC022493FAF50020978A /* DetailsScreen */,
				7AF59B8C248D0FF70076FAE0 /* Resources */,
				7A05CDE22479DE86006BE80C /* FirstScreen */,
				7A05CDD72479D287006BE80C /* TopBar */,
				7A05CDD62479D27D006BE80C /* Countries */,
				7A05CDA02479AE9A006BE80C /* AppDelegate.swift */,
				7A05CDA22479AE9A006BE80C /* SceneDelegate.swift */,
				7A05CDA42479AE9A006BE80C /* ViewController.swift */,
				7A05CDA62479AE9A006BE80C /* Main.storyboard */,
				7A05CDA92479AE9C006BE80C /* Assets.xcassets */,
				7A05CDAB2479AE9C006BE80C /* LaunchScreen.storyboard */,
				7A05CDAE2479AE9C006BE80C /* Info.plist */,
			);
			path = Covid;
			sourceTree = "<group>";
		};
		7A05CDB62479AE9C006BE80C /* CovidTests */ = {
			isa = PBXGroup;
			children = (
				7A05CDB72479AE9C006BE80C /* CovidTests.swift */,
				7A05CDB92479AE9C006BE80C /* Info.plist */,
			);
			path = CovidTests;
			sourceTree = "<group>";
		};
		7A05CDC12479AE9D006BE80C /* CovidUITests */ = {
			isa = PBXGroup;
			children = (
				7A05CDC22479AE9D006BE80C /* CovidUITests.swift */,
				7A05CDC42479AE9D006BE80C /* Info.plist */,
			);
			path = CovidUITests;
			sourceTree = "<group>";
		};
		7A05CDD62479D27D006BE80C /* Countries */ = {
			isa = PBXGroup;
			children = (
				7A05CDD82479D388006BE80C /* CountriesTableCell.swift */,
				7A05CDDA2479D3A0006BE80C /* Country.swift */,
				7A05CDDC2479D3DF006BE80C /* CountriesViewController.swift */,
			);
			path = Countries;
			sourceTree = "<group>";
		};
		7A05CDD72479D287006BE80C /* TopBar */ = {
			isa = PBXGroup;
			children = (
				7A05CDD22479C5EE006BE80C /* TopBarView.xib */,
				7A05CDD02479B200006BE80C /* TopBarView.swift */,
			);
			path = TopBar;
			sourceTree = "<group>";
		};
		7A05CDE22479DE86006BE80C /* FirstScreen */ = {
			isa = PBXGroup;
			children = (
				7AD267662479E3EA0006C555 /* FirstScreenViewController.swift */,
				7A98F196247AF37B0063B93F /* FirstScreenTableCellTableViewCell.swift */,
			);
			path = FirstScreen;
			sourceTree = "<group>";
		};
		7A40BC022493FAF50020978A /* DetailsScreen */ = {
			isa = PBXGroup;
			children = (
				7A40BC032493FB150020978A /* DetailsViewController.swift */,
			);
			path = DetailsScreen;
			sourceTree = "<group>";
		};
		7AF59B8C248D0FF70076FAE0 /* Resources */ = {
			isa = PBXGroup;
			children = (
				7AF59B8D248D10230076FAE0 /* Covid.xcdatamodeld */,
				7AF59B92248D331C0076FAE0 /* CountryBase.swift */,
				7AF59B94248D76BF0076FAE0 /* DatabaseHelper.swift */,
			);
			path = Resources;
			sourceTree = "<group>";
		};
/* End PBXGroup section */

/* Begin PBXNativeTarget section */
		7A05CD9C2479AE9A006BE80C /* Covid */ = {
			isa = PBXNativeTarget;
			buildConfigurationList = 7A05CDC72479AE9D006BE80C /* Build configuration list for PBXNativeTarget "Covid" */;
			buildPhases = (
				7A05CD992479AE9A006BE80C /* Sources */,
				7A05CD9A2479AE9A006BE80C /* Frameworks */,
				7A05CD9B2479AE9A006BE80C /* Resources */,
			);
			buildRules = (
			);
			dependencies = (
			);
			name = Covid;
			productName = Covid;
			productReference = 7A05CD9D2479AE9A006BE80C /* Covid.app */;
			productType = "com.apple.product-type.application";
		};
		7A05CDB22479AE9C006BE80C /* CovidTests */ = {
			isa = PBXNativeTarget;
			buildConfigurationList = 7A05CDCA2479AE9D006BE80C /* Build configuration list for PBXNativeTarget "CovidTests" */;
			buildPhases = (
				7A05CDAF2479AE9C006BE80C /* Sources */,
				7A05CDB02479AE9C006BE80C /* Frameworks */,
				7A05CDB12479AE9C006BE80C /* Resources */,
			);
			buildRules = (
			);
			dependencies = (
				7A05CDB52479AE9C006BE80C /* PBXTargetDependency */,
			);
			name = CovidTests;
			productName = CovidTests;
			productReference = 7A05CDB32479AE9C006BE80C /* CovidTests.xctest */;
			productType = "com.apple.product-type.bundle.unit-test";
		};
		7A05CDBD2479AE9D006BE80C /* CovidUITests */ = {
			isa = PBXNativeTarget;
			buildConfigurationList = 7A05CDCD2479AE9D006BE80C /* Build configuration list for PBXNativeTarget "CovidUITests" */;
			buildPhases = (
				7A05CDBA2479AE9D006BE80C /* Sources */,
				7A05CDBB2479AE9D006BE80C /* Frameworks */,
				7A05CDBC2479AE9D006BE80C /* Resources */,
			);
			buildRules = (
			);
			dependencies = (
				7A05CDC02479AE9D006BE80C /* PBXTargetDependency */,
			);
			name = CovidUITests;
			productName = CovidUITests;
			productReference = 7A05CDBE2479AE9D006BE80C /* CovidUITests.xctest */;
			productType = "com.apple.product-type.bundle.ui-testing";
		};
/* End PBXNativeTarget section */

/* Begin PBXProject section */
		7A05CD952479AE9A006BE80C /* Project object */ = {
			isa = PBXProject;
			attributes = {
				LastSwiftUpdateCheck = 1130;
				LastUpgradeCheck = 1130;
				ORGANIZATIONNAME = "Bakir Agic";
				TargetAttributes = {
					7A05CD9C2479AE9A006BE80C = {
						CreatedOnToolsVersion = 11.3.1;
					};
					7A05CDB22479AE9C006BE80C = {
						CreatedOnToolsVersion = 11.3.1;
						TestTargetID = 7A05CD9C2479AE9A006BE80C;
					};
					7A05CDBD2479AE9D006BE80C = {
						CreatedOnToolsVersion = 11.3.1;
						TestTargetID = 7A05CD9C2479AE9A006BE80C;
					};
				};
			};
			buildConfigurationList = 7A05CD982479AE9A006BE80C /* Build configuration list for PBXProject "Covid" */;
			compatibilityVersion = "Xcode 9.3";
			developmentRegion = en;
			hasScannedForEncodings = 0;
			knownRegions = (
				en,
				Base,
			);
			mainGroup = 7A05CD942479AE9A006BE80C;
			productRefGroup = 7A05CD9E2479AE9A006BE80C /* Products */;
			projectDirPath = "";
			projectRoot = "";
			targets = (
				7A05CD9C2479AE9A006BE80C /* Covid */,
				7A05CDB22479AE9C006BE80C /* CovidTests */,
				7A05CDBD2479AE9D006BE80C /* CovidUITests */,
			);
		};
/* End PBXProject section */

/* Begin PBXResourcesBuildPhase section */
		7A05CD9B2479AE9A006BE80C /* Resources */ = {
			isa = PBXResourcesBuildPhase;
			buildActionMask = 2147483647;
			files = (
				7A05CDAD2479AE9C006BE80C /* LaunchScreen.storyboard in Resources */,
				7A05CDAA2479AE9C006BE80C /* Assets.xcassets in Resources */,
				7A05CDD32479C5EE006BE80C /* TopBarView.xib in Resources */,
				7A05CDA82479AE9A006BE80C /* Main.storyboard in Resources */,
			);
			runOnlyForDeploymentPostprocessing = 0;
		};
		7A05CDB12479AE9C006BE80C /* Resources */ = {
			isa = PBXResourcesBuildPhase;
			buildActionMask = 2147483647;
			files = (
			);
			runOnlyForDeploymentPostprocessing = 0;
		};
		7A05CDBC2479AE9D006BE80C /* Resources */ = {
			isa = PBXResourcesBuildPhase;
			buildActionMask = 2147483647;
			files = (
			);
			runOnlyForDeploymentPostprocessing = 0;
		};
/* End PBXResourcesBuildPhase section */

/* Begin PBXSourcesBuildPhase section */
		7A05CD992479AE9A006BE80C /* Sources */ = {
			isa = PBXSourcesBuildPhase;
			buildActionMask = 2147483647;
			files = (
				7A05CDA52479AE9A006BE80C /* ViewController.swift in Sources */,
				7AD267672479E3EA0006C555 /* FirstScreenViewController.swift in Sources */,
				7A05CDDD2479D3DF006BE80C /* CountriesViewController.swift in Sources */,
				7A05CDA12479AE9A006BE80C /* AppDelegate.swift in Sources */,
				7AF59B95248D76BF0076FAE0 /* DatabaseHelper.swift in Sources */,
				7A05CDA32479AE9A006BE80C /* SceneDelegate.swift in Sources */,
				7A05CDD92479D388006BE80C /* CountriesTableCell.swift in Sources */,
				7A98F197247AF37B0063B93F /* FirstScreenTableCellTableViewCell.swift in Sources */,
				7AF59B8F248D10230076FAE0 /* Covid.xcdatamodeld in Sources */,
				7AF59B93248D331C0076FAE0 /* CountryBase.swift in Sources */,
				7A05CDDB2479D3A0006BE80C /* Country.swift in Sources */,
				7A40BC042493FB150020978A /* DetailsViewController.swift in Sources */,
				7A05CDD12479B200006BE80C /* TopBarView.swift in Sources */,
			);
			runOnlyForDeploymentPostprocessing = 0;
		};
		7A05CDAF2479AE9C006BE80C /* Sources */ = {
			isa = PBXSourcesBuildPhase;
			buildActionMask = 2147483647;
			files = (
				7A05CDB82479AE9C006BE80C /* CovidTests.swift in Sources */,
			);
			runOnlyForDeploymentPostprocessing = 0;
		};
		7A05CDBA2479AE9D006BE80C /* Sources */ = {
			isa = PBXSourcesBuildPhase;
			buildActionMask = 2147483647;
			files = (
				7A05CDC32479AE9D006BE80C /* CovidUITests.swift in Sources */,
			);
			runOnlyForDeploymentPostprocessing = 0;
		};
/* End PBXSourcesBuildPhase section */

/* Begin PBXTargetDependency section */
		7A05CDB52479AE9C006BE80C /* PBXTargetDependency */ = {
			isa = PBXTargetDependency;
			target = 7A05CD9C2479AE9A006BE80C /* Covid */;
			targetProxy = 7A05CDB42479AE9C006BE80C /* PBXContainerItemProxy */;
		};
		7A05CDC02479AE9D006BE80C /* PBXTargetDependency */ = {
			isa = PBXTargetDependency;
			target = 7A05CD9C2479AE9A006BE80C /* Covid */;
			targetProxy = 7A05CDBF2479AE9D006BE80C /* PBXContainerItemProxy */;
		};
/* End PBXTargetDependency section */

/* Begin PBXVariantGroup section */
		7A05CDA62479AE9A006BE80C /* Main.storyboard */ = {
			isa = PBXVariantGroup;
			children = (
				7A05CDA72479AE9A006BE80C /* Base */,
			);
			name = Main.storyboard;
			sourceTree = "<group>";
		};
		7A05CDAB2479AE9C006BE80C /* LaunchScreen.storyboard */ = {
			isa = PBXVariantGroup;
			children = (
				7A05CDAC2479AE9C006BE80C /* Base */,
			);
			name = LaunchScreen.storyboard;
			sourceTree = "<group>";
		};
/* End PBXVariantGroup section */

/* Begin XCBuildConfiguration section */
		7A05CDC52479AE9D006BE80C /* Debug */ = {
			isa = XCBuildConfiguration;
			buildSettings = {
				ALWAYS_SEARCH_USER_PATHS = NO;
				CLANG_ANALYZER_NONNULL = YES;
				CLANG_ANALYZER_NUMBER_OBJECT_CONVERSION = YES_AGGRESSIVE;
				CLANG_CXX_LANGUAGE_STANDARD = "gnu++14";
				CLANG_CXX_LIBRARY = "libc++";
				CLANG_ENABLE_MODULES = YES;
				CLANG_ENABLE_OBJC_ARC = YES;
				CLANG_ENABLE_OBJC_WEAK = YES;
				CLANG_WARN_BLOCK_CAPTURE_AUTORELEASING = YES;
				CLANG_WARN_BOOL_CONVERSION = YES;
				CLANG_WARN_COMMA = YES;
				CLANG_WARN_CONSTANT_CONVERSION = YES;
				CLANG_WARN_DEPRECATED_OBJC_IMPLEMENTATIONS = YES;
				CLANG_WARN_DIRECT_OBJC_ISA_USAGE = YES_ERROR;
				CLANG_WARN_DOCUMENTATION_COMMENTS = YES;
				CLANG_WARN_EMPTY_BODY = YES;
				CLANG_WARN_ENUM_CONVERSION = YES;
				CLANG_WARN_INFINITE_RECURSION = YES;
				CLANG_WARN_INT_CONVERSION = YES;
				CLANG_WARN_NON_LITERAL_NULL_CONVERSION = YES;
				CLANG_WARN_OBJC_IMPLICIT_RETAIN_SELF = YES;
				CLANG_WARN_OBJC_LITERAL_CONVERSION = YES;
				CLANG_WARN_OBJC_ROOT_CLASS = YES_ERROR;
				CLANG_WARN_RANGE_LOOP_ANALYSIS = YES;
				CLANG_WARN_STRICT_PROTOTYPES = YES;
				CLANG_WARN_SUSPICIOUS_MOVE = YES;
				CLANG_WARN_UNGUARDED_AVAILABILITY = YES_AGGRESSIVE;
				CLANG_WARN_UNREACHABLE_CODE = YES;
				CLANG_WARN__DUPLICATE_METHOD_MATCH = YES;
				COPY_PHASE_STRIP = NO;
				DEBUG_INFORMATION_FORMAT = dwarf;
				ENABLE_STRICT_OBJC_MSGSEND = YES;
				ENABLE_TESTABILITY = YES;
				GCC_C_LANGUAGE_STANDARD = gnu11;
				GCC_DYNAMIC_NO_PIC = NO;
				GCC_NO_COMMON_BLOCKS = YES;
				GCC_OPTIMIZATION_LEVEL = 0;
				GCC_PREPROCESSOR_DEFINITIONS = (
					"DEBUG=1",
					"$(inherited)",
				);
				GCC_WARN_64_TO_32_BIT_CONVERSION = YES;
				GCC_WARN_ABOUT_RETURN_TYPE = YES_ERROR;
				GCC_WARN_UNDECLARED_SELECTOR = YES;
				GCC_WARN_UNINITIALIZED_AUTOS = YES_AGGRESSIVE;
				GCC_WARN_UNUSED_FUNCTION = YES;
				GCC_WARN_UNUSED_VARIABLE = YES;
				IPHONEOS_DEPLOYMENT_TARGET = 13.2;
				MTL_ENABLE_DEBUG_INFO = INCLUDE_SOURCE;
				MTL_FAST_MATH = YES;
				ONLY_ACTIVE_ARCH = YES;
				SDKROOT = iphoneos;
				SWIFT_ACTIVE_COMPILATION_CONDITIONS = DEBUG;
				SWIFT_OPTIMIZATION_LEVEL = "-Onone";
			};
			name = Debug;
		};
		7A05CDC62479AE9D006BE80C /* Release */ = {
			isa = XCBuildConfiguration;
			buildSettings = {
				ALWAYS_SEARCH_USER_PATHS = NO;
				CLANG_ANALYZER_NONNULL = YES;
				CLANG_ANALYZER_NUMBER_OBJECT_CONVERSION = YES_AGGRESSIVE;
				CLANG_CXX_LANGUAGE_STANDARD = "gnu++14";
				CLANG_CXX_LIBRARY = "libc++";
				CLANG_ENABLE_MODULES = YES;
				CLANG_ENABLE_OBJC_ARC = YES;
				CLANG_ENABLE_OBJC_WEAK = YES;
				CLANG_WARN_BLOCK_CAPTURE_AUTORELEASING = YES;
				CLANG_WARN_BOOL_CONVERSION = YES;
				CLANG_WARN_COMMA = YES;
				CLANG_WARN_CONSTANT_CONVERSION = YES;
				CLANG_WARN_DEPRECATED_OBJC_IMPLEMENTATIONS = YES;
				CLANG_WARN_DIRECT_OBJC_ISA_USAGE = YES_ERROR;
				CLANG_WARN_DOCUMENTATION_COMMENTS = YES;
				CLANG_WARN_EMPTY_BODY = YES;
				CLANG_WARN_ENUM_CONVERSION = YES;
				CLANG_WARN_INFINITE_RECURSION = YES;
				CLANG_WARN_INT_CONVERSION = YES;
				CLANG_WARN_NON_LITERAL_NULL_CONVERSION = YES;
				CLANG_WARN_OBJC_IMPLICIT_RETAIN_SELF = YES;
				CLANG_WARN_OBJC_LITERAL_CONVERSION = YES;
				CLANG_WARN_OBJC_ROOT_CLASS = YES_ERROR;
				CLANG_WARN_RANGE_LOOP_ANALYSIS = YES;
				CLANG_WARN_STRICT_PROTOTYPES = YES;
				CLANG_WARN_SUSPICIOUS_MOVE = YES;
				CLANG_WARN_UNGUARDED_AVAILABILITY = YES_AGGRESSIVE;
				CLANG_WARN_UNREACHABLE_CODE = YES;
				CLANG_WARN__DUPLICATE_METHOD_MATCH = YES;
				COPY_PHASE_STRIP = NO;
				DEBUG_INFORMATION_FORMAT = "dwarf-with-dsym";
				ENABLE_NS_ASSERTIONS = NO;
				ENABLE_STRICT_OBJC_MSGSEND = YES;
				GCC_C_LANGUAGE_STANDARD = gnu11;
				GCC_NO_COMMON_BLOCKS = YES;
				GCC_WARN_64_TO_32_BIT_CONVERSION = YES;
				GCC_WARN_ABOUT_RETURN_TYPE = YES_ERROR;
				GCC_WARN_UNDECLARED_SELECTOR = YES;
				GCC_WARN_UNINITIALIZED_AUTOS = YES_AGGRESSIVE;
				GCC_WARN_UNUSED_FUNCTION = YES;
				GCC_WARN_UNUSED_VARIABLE = YES;
				IPHONEOS_DEPLOYMENT_TARGET = 13.2;
				MTL_ENABLE_DEBUG_INFO = NO;
				MTL_FAST_MATH = YES;
				SDKROOT = iphoneos;
				SWIFT_COMPILATION_MODE = wholemodule;
				SWIFT_OPTIMIZATION_LEVEL = "-O";
				VALIDATE_PRODUCT = YES;
			};
			name = Release;
		};
		7A05CDC82479AE9D006BE80C /* Debug */ = {
			isa = XCBuildConfiguration;
			buildSettings = {
				ASSETCATALOG_COMPILER_APPICON_NAME = AppIcon;
				CODE_SIGN_STYLE = Automatic;
				INFOPLIST_FILE = Covid/Info.plist;
				LD_RUNPATH_SEARCH_PATHS = (
					"$(inherited)",
					"@executable_path/Frameworks",
				);
				PRODUCT_BUNDLE_IDENTIFIER = none.Covid;
				PRODUCT_NAME = "$(TARGET_NAME)";
				SWIFT_VERSION = 5.0;
				TARGETED_DEVICE_FAMILY = "1,2";
			};
			name = Debug;
		};
		7A05CDC92479AE9D006BE80C /* Release */ = {
			isa = XCBuildConfiguration;
			buildSettings = {
				ASSETCATALOG_COMPILER_APPICON_NAME = AppIcon;
				CODE_SIGN_STYLE = Automatic;
				INFOPLIST_FILE = Covid/Info.plist;
				LD_RUNPATH_SEARCH_PATHS = (
					"$(inherited)",
					"@executable_path/Frameworks",
				);
				PRODUCT_BUNDLE_IDENTIFIER = none.Covid;
				PRODUCT_NAME = "$(TARGET_NAME)";
				SWIFT_VERSION = 5.0;
				TARGETED_DEVICE_FAMILY = "1,2";
			};
			name = Release;
		};
		7A05CDCB2479AE9D006BE80C /* Debug */ = {
			isa = XCBuildConfiguration;
			buildSettings = {
				ALWAYS_EMBED_SWIFT_STANDARD_LIBRARIES = YES;
				BUNDLE_LOADER = "$(TEST_HOST)";
				CODE_SIGN_STYLE = Automatic;
				INFOPLIST_FILE = CovidTests/Info.plist;
				IPHONEOS_DEPLOYMENT_TARGET = 13.2;
				LD_RUNPATH_SEARCH_PATHS = (
					"$(inherited)",
					"@executable_path/Frameworks",
					"@loader_path/Frameworks",
				);
				PRODUCT_BUNDLE_IDENTIFIER = none.CovidTests;
				PRODUCT_NAME = "$(TARGET_NAME)";
				SWIFT_VERSION = 5.0;
				TARGETED_DEVICE_FAMILY = "1,2";
				TEST_HOST = "$(BUILT_PRODUCTS_DIR)/Covid.app/Covid";
			};
			name = Debug;
		};
		7A05CDCC2479AE9D006BE80C /* Release */ = {
			isa = XCBuildConfiguration;
			buildSettings = {
				ALWAYS_EMBED_SWIFT_STANDARD_LIBRARIES = YES;
				BUNDLE_LOADER = "$(TEST_HOST)";
				CODE_SIGN_STYLE = Automatic;
				INFOPLIST_FILE = CovidTests/Info.plist;
				IPHONEOS_DEPLOYMENT_TARGET = 13.2;
				LD_RUNPATH_SEARCH_PATHS = (
					"$(inherited)",
					"@executable_path/Frameworks",
					"@loader_path/Frameworks",
				);
				PRODUCT_BUNDLE_IDENTIFIER = none.CovidTests;
				PRODUCT_NAME = "$(TARGET_NAME)";
				SWIFT_VERSION = 5.0;
				TARGETED_DEVICE_FAMILY = "1,2";
				TEST_HOST = "$(BUILT_PRODUCTS_DIR)/Covid.app/Covid";
			};
			name = Release;
		};
		7A05CDCE2479AE9D006BE80C /* Debug */ = {
			isa = XCBuildConfiguration;
			buildSettings = {
				ALWAYS_EMBED_SWIFT_STANDARD_LIBRARIES = YES;
				CODE_SIGN_STYLE = Automatic;
				INFOPLIST_FILE = CovidUITests/Info.plist;
				LD_RUNPATH_SEARCH_PATHS = (
					"$(inherited)",
					"@executable_path/Frameworks",
					"@loader_path/Frameworks",
				);
				PRODUCT_BUNDLE_IDENTIFIER = none.CovidUITests;
				PRODUCT_NAME = "$(TARGET_NAME)";
				SWIFT_VERSION = 5.0;
				TARGETED_DEVICE_FAMILY = "1,2";
				TEST_TARGET_NAME = Covid;
			};
			name = Debug;
		};
		7A05CDCF2479AE9D006BE80C /* Release */ = {
			isa = XCBuildConfiguration;
			buildSettings = {
				ALWAYS_EMBED_SWIFT_STANDARD_LIBRARIES = YES;
				CODE_SIGN_STYLE = Automatic;
				INFOPLIST_FILE = CovidUITests/Info.plist;
				LD_RUNPATH_SEARCH_PATHS = (
					"$(inherited)",
					"@executable_path/Frameworks",
					"@loader_path/Frameworks",
				);
				PRODUCT_BUNDLE_IDENTIFIER = none.CovidUITests;
				PRODUCT_NAME = "$(TARGET_NAME)";
				SWIFT_VERSION = 5.0;
				TARGETED_DEVICE_FAMILY = "1,2";
				TEST_TARGET_NAME = Covid;
			};
			name = Release;
		};
/* End XCBuildConfiguration section */

/* Begin XCConfigurationList section */
		7A05CD982479AE9A006BE80C /* Build configuration list for PBXProject "Covid" */ = {
			isa = XCConfigurationList;
			buildConfigurations = (
				7A05CDC52479AE9D006BE80C /* Debug */,
				7A05CDC62479AE9D006BE80C /* Release */,
			);
			defaultConfigurationIsVisible = 0;
			defaultConfigurationName = Release;
		};
		7A05CDC72479AE9D006BE80C /* Build configuration list for PBXNativeTarget "Covid" */ = {
			isa = XCConfigurationList;
			buildConfigurations = (
				7A05CDC82479AE9D006BE80C /* Debug */,
				7A05CDC92479AE9D006BE80C /* Release */,
			);
			defaultConfigurationIsVisible = 0;
			defaultConfigurationName = Release;
		};
		7A05CDCA2479AE9D006BE80C /* Build configuration list for PBXNativeTarget "CovidTests" */ = {
			isa = XCConfigurationList;
			buildConfigurations = (
				7A05CDCB2479AE9D006BE80C /* Debug */,
				7A05CDCC2479AE9D006BE80C /* Release */,
			);
			defaultConfigurationIsVisible = 0;
			defaultConfigurationName = Release;
		};
		7A05CDCD2479AE9D006BE80C /* Build configuration list for PBXNativeTarget "CovidUITests" */ = {
			isa = XCConfigurationList;
			buildConfigurations = (
				7A05CDCE2479AE9D006BE80C /* Debug */,
				7A05CDCF2479AE9D006BE80C /* Release */,
			);
			defaultConfigurationIsVisible = 0;
			defaultConfigurationName = Release;
		};
/* End XCConfigurationList section */

/* Begin XCVersionGroup section */
		7AF59B8D248D10230076FAE0 /* Covid.xcdatamodeld */ = {
			isa = XCVersionGroup;
			children = (
				7AF59B8E248D10230076FAE0 /* Covid.xcdatamodel */,
			);
			currentVersion = 7AF59B8E248D10230076FAE0 /* Covid.xcdatamodel */;
			path = Covid.xcdatamodeld;
			sourceTree = "<group>";
			versionGroupType = wrapper.xcdatamodel;
		};
/* End XCVersionGroup section */
	};
	rootObject = 7A05CD952479AE9A006BE80C /* Project object */;
}
